
Microsoft Visual Studio Solution File, Format Version 12.00
# Visual Studio 15
VisualStudioVersion = 15.0.27703.2042
MinimumVisualStudioVersion = 10.0.40219.1
Project("{FAE04EC0-301F-11D3-BF4B-00C04F79EFBC}") = "demo1", "demo1\demo1.csproj", "{CF188479-AAE0-45A2-8CDB-A0E32320F9E6}"
EndProject
Project("{FAE04EC0-301F-11D3-BF4B-00C04F79EFBC}") = "EfData", "EfData\EfData.csproj", "{9E6B0EC0-6DEC-4A6A-BB44-1704DDBB816F}"
EndProject
Global
	GlobalSection(SolutionConfigurationPlatforms) = preSolution
		Debug|Any CPU = Debug|Any CPU
		Release|Any CPU = Release|Any CPU
	EndGlobalSection
	GlobalSection(ProjectConfigurationPlatforms) = postSolution
		{CF188479-AAE0-45A2-8CDB-A0E32320F9E6}.Debug|Any CPU.ActiveCfg = Debug|Any CPU
		{CF188479-AAE0-45A2-8CDB-A0E32320F9E6}.Debug|Any CPU.Build.0 = Debug|Any CPU
		{CF188479-AAE0-45A2-8CDB-A0E32320F9E6}.Release|Any CPU.ActiveCfg = Release|Any CPU
		{CF188479-AAE0-45A2-8CDB-A0E32320F9E6}.Release|Any CPU.Build.0 = Release|Any CPU
		{9E6B0EC0-6DEC-4A6A-BB44-1704DDBB816F}.Debug|Any CPU.ActiveCfg = Debug|Any CPU
		{9E6B0EC0-6DEC-4A6A-BB44-1704DDBB816F}.Debug|Any CPU.Build.0 = Debug|Any CPU
		{9E6B0EC0-6DEC-4A6A-BB44-1704DDBB816F}.Release|Any CPU.ActiveCfg = Release|Any CPU
		{9E6B0EC0-6DEC-4A6A-BB44-1704DDBB816F}.Release|Any CPU.Build.0 = Release|Any CPU
	EndGlobalSection
	GlobalSection(SolutionProperties) = preSolution
		HideSolutionNode = FALSE
	EndGlobalSection
	GlobalSection(ExtensibilityGlobals) = postSolution
		SolutionGuid = {1E82E6A8-7F05-418B-A75F-94A9347108DD}
	EndGlobalSection
EndGlobal
